<Solution>
  <Folder Name="/csharp/">
    <Project Path="FInvoke\csharp\CSharp\CSharp.csproj" Type="Classic C#" />
  </Folder>
  <Folder Name="/src/">
    <Project Path="FInvoke\src\FInvoke\FInvoke.fsproj" Type="Classic F#" />
  </Folder>
  <Folder Name="/test/">
    <Project Path="FInvoke\test\FInvoke.Tests\FInvoke.Tests.fsproj" Type="Classic F#" />
  </Folder>
</Solution>